
Microsoft Visual Studio Solution File, Format Version 12.00
# Visual Studio Version 17
VisualStudioVersion = 17.10.35013.160
MinimumVisualStudioVersion = 10.0.40219.1
Project("{FAE04EC0-301F-11D3-BF4B-00C04F79EFBC}") = "Testing", "Testing.csproj", "{1CBAFD4F-C724-4EC6-B1F9-9884E7AFB8AA}"
EndProject
Global
	GlobalSection(SolutionConfigurationPlatforms) = preSolution
		Debug|Any CPU = Debug|Any CPU
		Release|Any CPU = Release|Any CPU
	EndGlobalSection
	GlobalSection(ProjectConfigurationPlatforms) = postSolution
		{1CBAFD4F-C724-4EC6-B1F9-9884E7AFB8AA}.Debug|Any CPU.ActiveCfg = Debug|Any CPU
		{1CBAFD4F-C724-4EC6-B1F9-9884E7AFB8AA}.Debug|Any CPU.Build.0 = Debug|Any CPU
		{1CBAFD4F-C724-4EC6-B1F9-9884E7AFB8AA}.Release|Any CPU.ActiveCfg = Release|Any CPU
		{1CBAFD4F-C724-4EC6-B1F9-9884E7AFB8AA}.Release|Any CPU.Build.0 = Release|Any CPU
	EndGlobalSection
	GlobalSection(SolutionProperties) = preSolution
		HideSolutionNode = FALSE
	EndGlobalSection
	GlobalSection(ExtensibilityGlobals) = postSolution
		SolutionGuid = {9773E596-D0C1-4C4B-888A-74B27C7E3B1E}
	EndGlobalSection
EndGlobal
